
Microsoft Visual Studio Solution File, Format Version 12.00
# Visual Studio 15
VisualStudioVersion = 15.0.28307.539
MinimumVisualStudioVersion = 10.0.40219.1
Project("{FAE04EC0-301F-11D3-BF4B-00C04F79EFBC}") = "Calc", "Calc\Calc.csproj", "{71832EAB-D09F-444A-A31C-7B6BD618EFAC}"
EndProject
Global
	GlobalSection(SolutionConfigurationPlatforms) = preSolution
		Debug|Any CPU = Debug|Any CPU
		Release|Any CPU = Release|Any CPU
	EndGlobalSection
	GlobalSection(ProjectConfigurationPlatforms) = postSolution
		{71832EAB-D09F-444A-A31C-7B6BD618EFAC}.Debug|Any CPU.ActiveCfg = Debug|Any CPU
		{71832EAB-D09F-444A-A31C-7B6BD618EFAC}.Debug|Any CPU.Build.0 = Debug|Any CPU
		{71832EAB-D09F-444A-A31C-7B6BD618EFAC}.Release|Any CPU.ActiveCfg = Release|Any CPU
		{71832EAB-D09F-444A-A31C-7B6BD618EFAC}.Release|Any CPU.Build.0 = Release|Any CPU
	EndGlobalSection
	GlobalSection(SolutionProperties) = preSolution
		HideSolutionNode = FALSE
	EndGlobalSection
	GlobalSection(ExtensibilityGlobals) = postSolution
		SolutionGuid = {0F55A1DC-299B-4845-A947-D3968E7E2673}
	EndGlobalSection
EndGlobal
