
Microsoft Visual Studio Solution File, Format Version 12.00
# Visual Studio 15
VisualStudioVersion = 15.0.28307.539
MinimumVisualStudioVersion = 10.0.40219.1
Project("{FAE04EC0-301F-11D3-BF4B-00C04F79EFBC}") = "Array", "Array\Array.csproj", "{AFEBED32-5DCF-47E1-9B9D-FD25E44905DA}"
EndProject
Global
	GlobalSection(SolutionConfigurationPlatforms) = preSolution
		Debug|Any CPU = Debug|Any CPU
		Release|Any CPU = Release|Any CPU
	EndGlobalSection
	GlobalSection(ProjectConfigurationPlatforms) = postSolution
		{AFEBED32-5DCF-47E1-9B9D-FD25E44905DA}.Debug|Any CPU.ActiveCfg = Debug|Any CPU
		{AFEBED32-5DCF-47E1-9B9D-FD25E44905DA}.Debug|Any CPU.Build.0 = Debug|Any CPU
		{AFEBED32-5DCF-47E1-9B9D-FD25E44905DA}.Release|Any CPU.ActiveCfg = Release|Any CPU
		{AFEBED32-5DCF-47E1-9B9D-FD25E44905DA}.Release|Any CPU.Build.0 = Release|Any CPU
	EndGlobalSection
	GlobalSection(SolutionProperties) = preSolution
		HideSolutionNode = FALSE
	EndGlobalSection
	GlobalSection(ExtensibilityGlobals) = postSolution
		SolutionGuid = {E7BD05B9-7260-4DBE-9E7F-C5A2EB709436}
	EndGlobalSection
EndGlobal
